
Microsoft Visual Studio Solution File, Format Version 12.00
# Visual Studio Version 17
VisualStudioVersion = 17.3.32825.248
MinimumVisualStudioVersion = 10.0.40219.1
Project("{9A19103F-16F7-4668-BE54-9A1E7A4F7556}") = "Mentalist.Monitoring.Memory", "Mentalist.Monitoring.Memory\Mentalist.Monitoring.Memory.csproj", "{4AF66A09-FE33-41CF-8201-D3E08F7B5537}"
EndProject
Global
	GlobalSection(SolutionConfigurationPlatforms) = preSolution
		Debug|Any CPU = Debug|Any CPU
		Release|Any CPU = Release|Any CPU
	EndGlobalSection
	GlobalSection(ProjectConfigurationPlatforms) = postSolution
		{4AF66A09-FE33-41CF-8201-D3E08F7B5537}.Debug|Any CPU.ActiveCfg = Debug|Any CPU
		{4AF66A09-FE33-41CF-8201-D3E08F7B5537}.Debug|Any CPU.Build.0 = Debug|Any CPU
		{4AF66A09-FE33-41CF-8201-D3E08F7B5537}.Release|Any CPU.ActiveCfg = Release|Any CPU
		{4AF66A09-FE33-41CF-8201-D3E08F7B5537}.Release|Any CPU.Build.0 = Release|Any CPU
	EndGlobalSection
	GlobalSection(SolutionProperties) = preSolution
		HideSolutionNode = FALSE
	EndGlobalSection
	GlobalSection(ExtensibilityGlobals) = postSolution
		SolutionGuid = {8F50067E-DDD5-49B2-A8C2-E9A27CCCE560}
	EndGlobalSection
EndGlobal
